<?xml version="1.0" encoding="utf-8"?>
<Project ToolsVersion="4.0" xmlns="http://schemas.microsoft.com/developer/msbuild/2003">
  <ItemGroup>
    <Filter Include="src">
      <UniqueIdentifier>{9318c3ab-a7c1-4372-88fa-1c2ceed86c86}</UniqueIdentifier>
    </Filter>
    <Filter Include="src\freetype">
      <UniqueIdentifier>{aa851c54-dc97-4c0c-a852-b0346eef4f1b}</UniqueIdentifier>
    </Filter>
    <Filter Include="include">
      <UniqueIdentifier>{a380599b-6140-4787-ab22-c5d8f34d7cfd}</UniqueIdentifier>
    </Filter>
    <Filter Include="src\freetype\base">
      <UniqueIdentifier>{02ee8a27-c6e0-472e-b919-177e5a142209}</UniqueIdentifier>
    </Filter>
    <Filter Include="src\freetype\autofit">
      <UniqueIdentifier>{7ef3b1ff-012c-4daa-ac94-835ea4b8af30}</UniqueIdentifier>
    </Filter>
    <Filter Include="src\freetype\bdf">
      <UniqueIdentifier>{744a03f5-522e-4389-91dc-6781405146d4}</UniqueIdentifier>
    </Filter>
    <Filter Include="src\freetype\bzip2">
      <UniqueIdentifier>{6b1caa27-106c-47e7-8136-d7824b593cba}</UniqueIdentifier>
    </Filter>
    <Filter Include="src\freetype\cache">
      <UniqueIdentifier>{e7079fac-1c39-4a9a-a385-8e9295c7a335}</UniqueIdentifier>
    </Filter>
    <Filter Include="src\freetype\cff">
      <UniqueIdentifier>{c9e0e3d1-3055-4a1d-a971-1de92c30a25c}</UniqueIdentifier>
    </Filter>
    <Filter Include="src\freetype\cid">
      <UniqueIdentifier>{5fd40cf5-e9f2-40be-8be4-ba50272609a4}</UniqueIdentifier>
    </Filter>
    <Filter Include="src\freetype\gzip">
      <UniqueIdentifier>{dd6ea6aa-3365-4aa5-a61d-e427dca7856b}</UniqueIdentifier>
    </Filter>
    <Filter Include="src\freetype\lzw">
      <UniqueIdentifier>{df8d80ea-292c-42de-8ec7-e2866a6562f4}</UniqueIdentifier>
    </Filter>
    <Filter Include="src\freetype\pcf">
      <UniqueIdentifier>{2cbe9113-bf21-4cf5-989c-5d9c2f424d9f}</UniqueIdentifier>
    </Filter>
    <Filter Include="src\freetype\pfr">
      <UniqueIdentifier>{d2c964e4-f7f0-46c8-99c7-196460e11ed8}</UniqueIdentifier>
    </Filter>
    <Filter Include="src\freetype\psaux">
      <UniqueIdentifier>{c4fe6ea5-86f5-41c3-9fff-8201934de440}</UniqueIdentifier>
    </Filter>
    <Filter Include="src\freetype\pshinter">
      <UniqueIdentifier>{2f147867-bd6a-4372-ba06-06d59a4a202c}</UniqueIdentifier>
    </Filter>
    <Filter Include="src\freetype\psnames">
      <UniqueIdentifier>{70cc32ef-4934-4f16-a174-8373f2dcd686}</UniqueIdentifier>
    </Filter>
    <Filter Include="src\freetype\raster">
      <UniqueIdentifier>{e82304d2-8e40-4681-9777-7e7de5554103}</UniqueIdentifier>
    </Filter>
    <Filter Include="src\freetype\sfnt">
      <UniqueIdentifier>{d4743f82-0006-47c5-988f-5244a49ed84a}</UniqueIdentifier>
    </Filter>
    <Filter Include="src\freetype\smooth">
      <UniqueIdentifier>{12f6c997-77b5-4191-a859-bb35a44388aa}</UniqueIdentifier>
    </Filter>
    <Filter Include="src\freetype\tools">
      <UniqueIdentifier>{ef424ad7-5d5f-4851-a2a7-9e891685d683}</UniqueIdentifier>
    </Filter>
    <Filter Include="src\freetype\truetype">
      <UniqueIdentifier>{944ecc84-19ab-47d7-ae25-f606de27b514}</UniqueIdentifier>
    </Filter>
    <Filter Include="src\freetype\type1">
      <UniqueIdentifier>{7134e27a-6f20-468d-b19f-8a8669999ce9}</UniqueIdentifier>
    </Filter>
    <Filter Include="src\freetype\type42">
      <UniqueIdentifier>{4d41ef7f-b5a2-4923-9e60-8e05b64b3ae1}</UniqueIdentifier>
    </Filter>
    <Filter Include="src\freetype\winfonts">
      <UniqueIdentifier>{7a176512-80a8-46df-a565-9e7ce6c3f65a}</UniqueIdentifier>
    </Filter>
  </ItemGroup>
  <ItemGroup>
    <ClCompile Include="..\libsdl\SDL_ttf\external\freetype-2.10.4\src\base\ftbase.c">
      <Filter>src\freetype\base</Filter>
    </ClCompile>
    <ClCompile Include="..\libsdl\SDL_ttf\external\freetype-2.10.4\src\base\ftbbox.c">
      <Filter>src\freetype\base</Filter>
    </ClCompile>
    <ClCompile Include="..\libsdl\SDL_ttf\external\freetype-2.10.4\src\base\ftbdf.c">
      <Filter>src\freetype\base</Filter>
    </ClCompile>
    <ClCompile Include="..\libsdl\SDL_ttf\external\freetype-2.10.4\src\base\ftbitmap.c">
      <Filter>src\freetype\base</Filter>
    </ClCompile>
    <ClCompile Include="..\libsdl\SDL_ttf\external\freetype-2.10.4\src\base\ftcid.c">
      <Filter>src\freetype\base</Filter>
    </ClCompile>
    <ClCompile Include="..\libsdl\SDL_ttf\external\freetype-2.10.4\src\base\ftdebug.c">
      <Filter>src\freetype\base</Filter>
    </ClCompile>
    <ClCompile Include="..\libsdl\SDL_ttf\external\freetype-2.10.4\src\base\ftfstype.c">
      <Filter>src\freetype\base</Filter>
    </ClCompile>
    <ClCompile Include="..\libsdl\SDL_ttf\external\freetype-2.10.4\src\base\ftgasp.c">
      <Filter>src\freetype\base</Filter>
    </ClCompile>
    <ClCompile Include="..\libsdl\SDL_ttf\external\freetype-2.10.4\src\base\ftglyph.c">
      <Filter>src\freetype\base</Filter>
    </ClCompile>
    <ClCompile Include="..\libsdl\SDL_ttf\external\freetype-2.10.4\src\base\ftgxval.c">
      <Filter>src\freetype\base</Filter>
    </ClCompile>
    <ClCompile Include="..\libsdl\SDL_ttf\external\freetype-2.10.4\src\base\ftinit.c">
      <Filter>src\freetype\base</Filter>
    </ClCompile>
    <ClCompile Include="..\libsdl\SDL_ttf\external\freetype-2.10.4\src\base\ftmm.c">
      <Filter>src\freetype\base</Filter>
    </ClCompile>
    <ClCompile Include="..\libsdl\SDL_ttf\external\freetype-2.10.4\src\base\ftotval.c">
      <Filter>src\freetype\base</Filter>
    </ClCompile>
    <ClCompile Include="..\libsdl\SDL_ttf\external\freetype-2.10.4\src\base\ftpatent.c">
      <Filter>src\freetype\base</Filter>
    </ClCompile>
    <ClCompile Include="..\libsdl\SDL_ttf\external\freetype-2.10.4\src\base\ftpfr.c">
      <Filter>src\freetype\base</Filter>
    </ClCompile>
    <ClCompile Include="..\libsdl\SDL_ttf\external\freetype-2.10.4\src\base\ftstroke.c">
      <Filter>src\freetype\base</Filter>
    </ClCompile>
    <ClCompile Include="..\libsdl\SDL_ttf\external\freetype-2.10.4\src\base\ftsynth.c">
      <Filter>src\freetype\base</Filter>
    </ClCompile>
    <ClCompile Include="..\libsdl\SDL_ttf\external\freetype-2.10.4\src\base\ftsystem.c">
      <Filter>src\freetype\base</Filter>
    </ClCompile>
    <ClCompile Include="..\libsdl\SDL_ttf\external\freetype-2.10.4\src\base\fttype1.c">
      <Filter>src\freetype\base</Filter>
    </ClCompile>
    <ClCompile Include="..\libsdl\SDL_ttf\external\freetype-2.10.4\src\base\ftwinfnt.c">
      <Filter>src\freetype\base</Filter>
    </ClCompile>
    <ClCompile Include="..\libsdl\SDL_ttf\external\freetype-2.10.4\src\autofit\autofit.c">
      <Filter>src\freetype\autofit</Filter>
    </ClCompile>
    <ClCompile Include="..\libsdl\SDL_ttf\external\freetype-2.10.4\src\bdf\bdf.c">
      <Filter>src\freetype\bdf</Filter>
    </ClCompile>
    <ClCompile Include="..\libsdl\SDL_ttf\external\freetype-2.10.4\src\bzip2\ftbzip2.c">
      <Filter>src\freetype\bzip2</Filter>
    </ClCompile>
    <ClCompile Include="..\libsdl\SDL_ttf\external\freetype-2.10.4\src\cache\ftcache.c">
      <Filter>src\freetype\cache</Filter>
    </ClCompile>
    <ClCompile Include="..\libsdl\SDL_ttf\external\freetype-2.10.4\src\cff\cff.c">
      <Filter>src\freetype\cff</Filter>
    </ClCompile>
    <ClCompile Include="..\libsdl\SDL_ttf\external\freetype-2.10.4\src\cid\type1cid.c">
      <Filter>src\freetype\cid</Filter>
    </ClCompile>
    <ClCompile Include="..\libsdl\SDL_ttf\external\freetype-2.10.4\src\gzip\ftgzip.c">
      <Filter>src\freetype\gzip</Filter>
    </ClCompile>
    <ClCompile Include="..\libsdl\SDL_ttf\external\freetype-2.10.4\src\lzw\ftlzw.c">
      <Filter>src\freetype\lzw</Filter>
    </ClCompile>
    <ClCompile Include="..\libsdl\SDL_ttf\external\freetype-2.10.4\src\pcf\pcf.c">
      <Filter>src\freetype\pcf</Filter>
    </ClCompile>
    <ClCompile Include="..\libsdl\SDL_ttf\external\freetype-2.10.4\src\pfr\pfr.c">
      <Filter>src\freetype\pfr</Filter>
    </ClCompile>
    <ClCompile Include="..\libsdl\SDL_ttf\external\freetype-2.10.4\src\psaux\psaux.c">
      <Filter>src\freetype\psaux</Filter>
    </ClCompile>
    <ClCompile Include="..\libsdl\SDL_ttf\external\freetype-2.10.4\src\pshinter\pshinter.c">
      <Filter>src\freetype\pshinter</Filter>
    </ClCompile>
    <ClCompile Include="..\libsdl\SDL_ttf\external\freetype-2.10.4\src\psnames\psmodule.c">
      <Filter>src\freetype\psnames</Filter>
    </ClCompile>
    <ClCompile Include="..\libsdl\SDL_ttf\external\freetype-2.10.4\src\raster\raster.c">
      <Filter>src\freetype\raster</Filter>
    </ClCompile>
    <ClCompile Include="..\libsdl\SDL_ttf\external\freetype-2.10.4\src\sfnt\sfnt.c">
      <Filter>src\freetype\sfnt</Filter>
    </ClCompile>
    <ClCompile Include="..\libsdl\SDL_ttf\external\freetype-2.10.4\src\smooth\smooth.c">
      <Filter>src\freetype\smooth</Filter>
    </ClCompile>
    <ClCompile Include="..\libsdl\SDL_ttf\external\freetype-2.10.4\src\tools\apinames.c">
      <Filter>src\freetype\tools</Filter>
    </ClCompile>
    <ClCompile Include="..\libsdl\SDL_ttf\external\freetype-2.10.4\src\truetype\truetype.c">
      <Filter>src\freetype\truetype</Filter>
    </ClCompile>
    <ClCompile Include="..\libsdl\SDL_ttf\external\freetype-2.10.4\src\type1\type1.c">
      <Filter>src\freetype\type1</Filter>
    </ClCompile>
    <ClCompile Include="..\libsdl\SDL_ttf\external\freetype-2.10.4\src\type42\type42.c">
      <Filter>src\freetype\type42</Filter>
    </ClCompile>
    <ClCompile Include="..\libsdl\SDL_ttf\external\freetype-2.10.4\src\winfonts\winfnt.c">
      <Filter>src\freetype\winfonts</Filter>
    </ClCompile>
    <ClCompile Include="..\libsdl\SDL_ttf\SDL_ttf.c">
      <Filter>src</Filter>
    </ClCompile>
  </ItemGroup>
  <ItemGroup>
    <ClInclude Include="..\libsdl\SDL_ttf\SDL_ttf.h">
      <Filter>include</Filter>
    </ClInclude>
  </ItemGroup>
</Project>