
Microsoft Visual Studio Solution File, Format Version 12.00
# Visual Studio 15
VisualStudioVersion = 15.0.26228.9
MinimumVisualStudioVersion = 10.0.40219.1
Project("{8BC9CEB8-8B4A-11D0-8D11-00A0C91BC942}") = "SDL2", "SDL2\SDL2.vcxproj", "{B7BE417C-B6C5-4A69-A056-E0CB0C6A344C}"
EndProject
Project("{8BC9CEB8-8B4A-11D0-8D11-00A0C91BC942}") = "main", "main\main.vcxproj", "{B7F3A6F1-0359-4427-925D-4A6D1C979B61}"
EndProject
Project("{39E2626F-3545-4960-A6E8-258AD8476CE5}") = "SDL2_GradleApp", "SDL2_GradleApp\SDL2_GradleApp.androidproj", "{F38408B0-8D17-4D2B-AEB4-5FA30B7F6373}"
EndProject
Project("{2150E333-8FDC-42A3-9474-1A3956D46DE8}") = "Solution Items", "Solution Items", "{8E6931A2-A093-4079-A34A-E92BA2C5801E}"
EndProject
Global
	GlobalSection(SolutionConfigurationPlatforms) = preSolution
		Debug|ARM = Debug|ARM
		Debug|ARM64 = Debug|ARM64
		Debug|x64 = Debug|x64
		Debug|x86 = Debug|x86
		Release|ARM = Release|ARM
		Release|ARM64 = Release|ARM64
		Release|x64 = Release|x64
		Release|x86 = Release|x86
	EndGlobalSection
	GlobalSection(ProjectConfigurationPlatforms) = postSolution
		{B7BE417C-B6C5-4A69-A056-E0CB0C6A344C}.Debug|ARM.ActiveCfg = Debug|ARM
		{B7BE417C-B6C5-4A69-A056-E0CB0C6A344C}.Debug|ARM.Build.0 = Debug|ARM
		{B7BE417C-B6C5-4A69-A056-E0CB0C6A344C}.Debug|ARM64.ActiveCfg = Debug|ARM64
		{B7BE417C-B6C5-4A69-A056-E0CB0C6A344C}.Debug|ARM64.Build.0 = Debug|ARM64
		{B7BE417C-B6C5-4A69-A056-E0CB0C6A344C}.Debug|x64.ActiveCfg = Debug|x64
		{B7BE417C-B6C5-4A69-A056-E0CB0C6A344C}.Debug|x64.Build.0 = Debug|x64
		{B7BE417C-B6C5-4A69-A056-E0CB0C6A344C}.Debug|x86.ActiveCfg = Debug|x86
		{B7BE417C-B6C5-4A69-A056-E0CB0C6A344C}.Debug|x86.Build.0 = Debug|x86
		{B7BE417C-B6C5-4A69-A056-E0CB0C6A344C}.Release|ARM.ActiveCfg = Release|ARM
		{B7BE417C-B6C5-4A69-A056-E0CB0C6A344C}.Release|ARM.Build.0 = Release|ARM
		{B7BE417C-B6C5-4A69-A056-E0CB0C6A344C}.Release|ARM64.ActiveCfg = Release|ARM64
		{B7BE417C-B6C5-4A69-A056-E0CB0C6A344C}.Release|ARM64.Build.0 = Release|ARM64
		{B7BE417C-B6C5-4A69-A056-E0CB0C6A344C}.Release|x64.ActiveCfg = Release|x64
		{B7BE417C-B6C5-4A69-A056-E0CB0C6A344C}.Release|x64.Build.0 = Release|x64
		{B7BE417C-B6C5-4A69-A056-E0CB0C6A344C}.Release|x86.ActiveCfg = Release|x86
		{B7BE417C-B6C5-4A69-A056-E0CB0C6A344C}.Release|x86.Build.0 = Release|x86
		{B7F3A6F1-0359-4427-925D-4A6D1C979B61}.Debug|ARM.ActiveCfg = Debug|ARM
		{B7F3A6F1-0359-4427-925D-4A6D1C979B61}.Debug|ARM.Build.0 = Debug|ARM
		{B7F3A6F1-0359-4427-925D-4A6D1C979B61}.Debug|ARM64.ActiveCfg = Debug|ARM64
		{B7F3A6F1-0359-4427-925D-4A6D1C979B61}.Debug|ARM64.Build.0 = Debug|ARM64
		{B7F3A6F1-0359-4427-925D-4A6D1C979B61}.Debug|x64.ActiveCfg = Debug|x64
		{B7F3A6F1-0359-4427-925D-4A6D1C979B61}.Debug|x64.Build.0 = Debug|x64
		{B7F3A6F1-0359-4427-925D-4A6D1C979B61}.Debug|x86.ActiveCfg = Debug|x86
		{B7F3A6F1-0359-4427-925D-4A6D1C979B61}.Debug|x86.Build.0 = Debug|x86
		{B7F3A6F1-0359-4427-925D-4A6D1C979B61}.Release|ARM.ActiveCfg = Release|ARM
		{B7F3A6F1-0359-4427-925D-4A6D1C979B61}.Release|ARM.Build.0 = Release|ARM
		{B7F3A6F1-0359-4427-925D-4A6D1C979B61}.Release|ARM64.ActiveCfg = Release|ARM64
		{B7F3A6F1-0359-4427-925D-4A6D1C979B61}.Release|ARM64.Build.0 = Release|ARM64
		{B7F3A6F1-0359-4427-925D-4A6D1C979B61}.Release|x64.ActiveCfg = Release|x64
		{B7F3A6F1-0359-4427-925D-4A6D1C979B61}.Release|x64.Build.0 = Release|x64
		{B7F3A6F1-0359-4427-925D-4A6D1C979B61}.Release|x86.ActiveCfg = Release|x86
		{B7F3A6F1-0359-4427-925D-4A6D1C979B61}.Release|x86.Build.0 = Release|x86
		{F38408B0-8D17-4D2B-AEB4-5FA30B7F6373}.Debug|ARM.ActiveCfg = Debug|ARM
		{F38408B0-8D17-4D2B-AEB4-5FA30B7F6373}.Debug|ARM.Build.0 = Debug|ARM
		{F38408B0-8D17-4D2B-AEB4-5FA30B7F6373}.Debug|ARM.Deploy.0 = Debug|ARM
		{F38408B0-8D17-4D2B-AEB4-5FA30B7F6373}.Debug|ARM64.ActiveCfg = Debug|ARM64
		{F38408B0-8D17-4D2B-AEB4-5FA30B7F6373}.Debug|ARM64.Build.0 = Debug|ARM64
		{F38408B0-8D17-4D2B-AEB4-5FA30B7F6373}.Debug|ARM64.Deploy.0 = Debug|ARM64
		{F38408B0-8D17-4D2B-AEB4-5FA30B7F6373}.Debug|x64.ActiveCfg = Debug|x64
		{F38408B0-8D17-4D2B-AEB4-5FA30B7F6373}.Debug|x64.Build.0 = Debug|x64
		{F38408B0-8D17-4D2B-AEB4-5FA30B7F6373}.Debug|x64.Deploy.0 = Debug|x64
		{F38408B0-8D17-4D2B-AEB4-5FA30B7F6373}.Debug|x86.ActiveCfg = Debug|x86
		{F38408B0-8D17-4D2B-AEB4-5FA30B7F6373}.Debug|x86.Build.0 = Debug|x86
		{F38408B0-8D17-4D2B-AEB4-5FA30B7F6373}.Debug|x86.Deploy.0 = Debug|x86
		{F38408B0-8D17-4D2B-AEB4-5FA30B7F6373}.Release|ARM.ActiveCfg = Release|ARM
		{F38408B0-8D17-4D2B-AEB4-5FA30B7F6373}.Release|ARM.Build.0 = Release|ARM
		{F38408B0-8D17-4D2B-AEB4-5FA30B7F6373}.Release|ARM.Deploy.0 = Release|ARM
		{F38408B0-8D17-4D2B-AEB4-5FA30B7F6373}.Release|ARM64.ActiveCfg = Release|ARM64
		{F38408B0-8D17-4D2B-AEB4-5FA30B7F6373}.Release|ARM64.Build.0 = Release|ARM64
		{F38408B0-8D17-4D2B-AEB4-5FA30B7F6373}.Release|ARM64.Deploy.0 = Release|ARM64
		{F38408B0-8D17-4D2B-AEB4-5FA30B7F6373}.Release|x64.ActiveCfg = Release|x64
		{F38408B0-8D17-4D2B-AEB4-5FA30B7F6373}.Release|x64.Build.0 = Release|x64
		{F38408B0-8D17-4D2B-AEB4-5FA30B7F6373}.Release|x64.Deploy.0 = Release|x64
		{F38408B0-8D17-4D2B-AEB4-5FA30B7F6373}.Release|x86.ActiveCfg = Release|x86
		{F38408B0-8D17-4D2B-AEB4-5FA30B7F6373}.Release|x86.Build.0 = Release|x86
		{F38408B0-8D17-4D2B-AEB4-5FA30B7F6373}.Release|x86.Deploy.0 = Release|x86
	EndGlobalSection
	GlobalSection(SolutionProperties) = preSolution
		HideSolutionNode = FALSE
	EndGlobalSection
	GlobalSection(ExtensibilityGlobals) = postSolution
		SolutionGuid = {5F9E227F-8F40-42A4-B967-E23FBBAAD8A3}
	EndGlobalSection
EndGlobal
