<?xml version="1.0" encoding="utf-8"?>
<Project ToolsVersion="4.0" xmlns="http://schemas.microsoft.com/developer/msbuild/2003">
  <ItemGroup>
    <Filter Include="src">
      <UniqueIdentifier>{f33f8a55-78f6-4a62-90cf-23f5ba6212fe}</UniqueIdentifier>
    </Filter>
    <Filter Include="src\audio">
      <UniqueIdentifier>{2cc650f1-302f-4d72-a3ea-40df153797fa}</UniqueIdentifier>
    </Filter>
    <Filter Include="src\atomic">
      <UniqueIdentifier>{073cbd03-957b-4624-94f4-0d8b970bb2e2}</UniqueIdentifier>
    </Filter>
    <Filter Include="src\core">
      <UniqueIdentifier>{4d6bcc8a-0d57-49e6-a22c-6fbc74917d52}</UniqueIdentifier>
    </Filter>
    <Filter Include="src\cpuinfo">
      <UniqueIdentifier>{ea03866e-95e0-42ce-88c1-0e2a23d9f222}</UniqueIdentifier>
    </Filter>
    <Filter Include="src\dynapi">
      <UniqueIdentifier>{e6b383a3-9be0-4019-a891-6048499e51c6}</UniqueIdentifier>
    </Filter>
    <Filter Include="src\events">
      <UniqueIdentifier>{6ece0ac7-341b-47c4-89c1-c7369c22b112}</UniqueIdentifier>
    </Filter>
    <Filter Include="src\file">
      <UniqueIdentifier>{84ba13e3-9f32-444f-a930-157f91db732d}</UniqueIdentifier>
    </Filter>
    <Filter Include="src\haptic">
      <UniqueIdentifier>{335f747b-2923-4d84-a77a-16b9f2d7928f}</UniqueIdentifier>
    </Filter>
    <Filter Include="src\joystick">
      <UniqueIdentifier>{06552d48-58a8-48dc-b1a7-93ad351a2b60}</UniqueIdentifier>
    </Filter>
    <Filter Include="src\power">
      <UniqueIdentifier>{bf7e1f6a-49ff-48b0-943e-f2364a3e5271}</UniqueIdentifier>
    </Filter>
    <Filter Include="src\filesystem">
      <UniqueIdentifier>{8bf5b817-5f7f-44b4-bfdb-e3446f6f254a}</UniqueIdentifier>
    </Filter>
    <Filter Include="src\render">
      <UniqueIdentifier>{898d317c-fedf-40d9-8737-3111a48b1a60}</UniqueIdentifier>
    </Filter>
    <Filter Include="src\stdlib">
      <UniqueIdentifier>{75a7e361-6bea-4f44-b4bd-85855742fb6b}</UniqueIdentifier>
    </Filter>
    <Filter Include="src\thread">
      <UniqueIdentifier>{938f11c5-bb29-46e5-bae8-66e24050587d}</UniqueIdentifier>
    </Filter>
    <Filter Include="src\timer">
      <UniqueIdentifier>{ffc5faa3-6a24-48a4-b4c6-0383f9f2eff7}</UniqueIdentifier>
    </Filter>
    <Filter Include="src\video">
      <UniqueIdentifier>{e3fd3a85-7e7b-4d70-be90-31dd9adbe816}</UniqueIdentifier>
    </Filter>
    <Filter Include="src\test">
      <UniqueIdentifier>{756fbf40-f114-4eda-bbab-25ea024d271d}</UniqueIdentifier>
    </Filter>
    <Filter Include="src\sensor">
      <UniqueIdentifier>{3a27ba1a-2417-4993-a492-5fe04737d9d7}</UniqueIdentifier>
    </Filter>
    <Filter Include="src\hidapi">
      <UniqueIdentifier>{97a7804d-c11d-4093-a7a6-6a21cda91a8d}</UniqueIdentifier>
    </Filter>
    <Filter Include="include">
      <UniqueIdentifier>{f0a1bd93-02dd-466b-b9f3-888cbf01c12c}</UniqueIdentifier>
    </Filter>
    <Filter Include="src\cpufeatures">
      <UniqueIdentifier>{6ad619de-c93d-4255-948f-8eb83be743b5}</UniqueIdentifier>
    </Filter>
    <Filter Include="src\loadso">
      <UniqueIdentifier>{a391415e-d708-40dc-a3f3-72f54d71a050}</UniqueIdentifier>
    </Filter>
    <Filter Include="src\joystick\hidapi">
      <UniqueIdentifier>{5b68a498-914f-484b-9df2-027e6f676ef4}</UniqueIdentifier>
    </Filter>
    <Filter Include="src\joystick\virtual">
      <UniqueIdentifier>{04c8513d-e2d2-4822-84da-886d22a71c13}</UniqueIdentifier>
    </Filter>
    <Filter Include="src\locale">
      <UniqueIdentifier>{1a7fe9ef-4850-4a4a-88ff-f51bd756208b}</UniqueIdentifier>
    </Filter>
    <Filter Include="src\misc">
      <UniqueIdentifier>{be5186ba-d883-41e8-a441-e0eb83af3a47}</UniqueIdentifier>
    </Filter>
    <Filter Include="src\thread\pthread">
      <UniqueIdentifier>{103f9cba-2fdf-4443-b5cf-367c079e77f4}</UniqueIdentifier>
    </Filter>
  </ItemGroup>
  <ItemGroup>
    <ClCompile Include="src\cpufeatures\cpu-features.c">
      <Filter>src\cpufeatures</Filter>
    </ClCompile>
    <ClCompile Include="..\libsdl\SDL\src\SDL.c">
      <Filter>src</Filter>
    </ClCompile>
    <ClCompile Include="..\libsdl\SDL\src\SDL_assert.c">
      <Filter>src</Filter>
    </ClCompile>
    <ClCompile Include="..\libsdl\SDL\src\SDL_dataqueue.c">
      <Filter>src</Filter>
    </ClCompile>
    <ClCompile Include="..\libsdl\SDL\src\SDL_error.c">
      <Filter>src</Filter>
    </ClCompile>
    <ClCompile Include="..\libsdl\SDL\src\SDL_hints.c">
      <Filter>src</Filter>
    </ClCompile>
    <ClCompile Include="..\libsdl\SDL\src\SDL_log.c">
      <Filter>src</Filter>
    </ClCompile>
    <ClCompile Include="..\libsdl\SDL\src\atomic\SDL_spinlock.c">
      <Filter>src\atomic</Filter>
    </ClCompile>
    <ClCompile Include="..\libsdl\SDL\src\atomic\SDL_atomic.c">
      <Filter>src\atomic</Filter>
    </ClCompile>
    <ClCompile Include="..\libsdl\SDL\src\audio\SDL_audio.c">
      <Filter>src\audio</Filter>
    </ClCompile>
    <ClCompile Include="..\libsdl\SDL\src\audio\SDL_audiocvt.c">
      <Filter>src\audio</Filter>
    </ClCompile>
    <ClCompile Include="..\libsdl\SDL\src\audio\SDL_audiodev.c">
      <Filter>src\audio</Filter>
    </ClCompile>
    <ClCompile Include="..\libsdl\SDL\src\audio\SDL_audiotypecvt.c">
      <Filter>src\audio</Filter>
    </ClCompile>
    <ClCompile Include="..\libsdl\SDL\src\audio\SDL_mixer.c">
      <Filter>src\audio</Filter>
    </ClCompile>
    <ClCompile Include="..\libsdl\SDL\src\audio\SDL_wave.c">
      <Filter>src\audio</Filter>
    </ClCompile>
    <ClCompile Include="..\libsdl\SDL\src\core\android\SDL_android.c">
      <Filter>src\core</Filter>
    </ClCompile>
    <ClCompile Include="..\libsdl\SDL\src\cpuinfo\SDL_cpuinfo.c">
      <Filter>src\cpuinfo</Filter>
    </ClCompile>
    <ClCompile Include="..\libsdl\SDL\src\dynapi\SDL_dynapi.c">
      <Filter>src\dynapi</Filter>
    </ClCompile>
    <ClCompile Include="..\libsdl\SDL\src\loadso\dlopen\SDL_sysloadso.c">
      <Filter>src\loadso</Filter>
    </ClCompile>
    <ClCompile Include="..\libsdl\SDL\src\events\SDL_clipboardevents.c">
      <Filter>src\events</Filter>
    </ClCompile>
    <ClCompile Include="..\libsdl\SDL\src\events\SDL_displayevents.c">
      <Filter>src\events</Filter>
    </ClCompile>
    <ClCompile Include="..\libsdl\SDL\src\events\SDL_dropevents.c">
      <Filter>src\events</Filter>
    </ClCompile>
    <ClCompile Include="..\libsdl\SDL\src\events\SDL_events.c">
      <Filter>src\events</Filter>
    </ClCompile>
    <ClCompile Include="..\libsdl\SDL\src\events\SDL_gesture.c">
      <Filter>src\events</Filter>
    </ClCompile>
    <ClCompile Include="..\libsdl\SDL\src\events\SDL_keyboard.c">
      <Filter>src\events</Filter>
    </ClCompile>
    <ClCompile Include="..\libsdl\SDL\src\events\SDL_mouse.c">
      <Filter>src\events</Filter>
    </ClCompile>
    <ClCompile Include="..\libsdl\SDL\src\events\SDL_quit.c">
      <Filter>src\events</Filter>
    </ClCompile>
    <ClCompile Include="..\libsdl\SDL\src\events\SDL_touch.c">
      <Filter>src\events</Filter>
    </ClCompile>
    <ClCompile Include="..\libsdl\SDL\src\events\SDL_windowevents.c">
      <Filter>src\events</Filter>
    </ClCompile>
    <ClCompile Include="..\libsdl\SDL\src\file\SDL_rwops.c">
      <Filter>src\file</Filter>
    </ClCompile>
    <ClCompile Include="..\libsdl\SDL\src\filesystem\android\SDL_sysfilesystem.c">
      <Filter>src\filesystem</Filter>
    </ClCompile>
    <ClCompile Include="..\libsdl\SDL\src\haptic\android\SDL_syshaptic.c">
      <Filter>src\haptic</Filter>
    </ClCompile>
    <ClCompile Include="..\libsdl\SDL\src\haptic\SDL_haptic.c">
      <Filter>src\haptic</Filter>
    </ClCompile>
    <ClCompile Include="..\libsdl\SDL\src\hidapi\android\hid.cpp">
      <Filter>src\hidapi</Filter>
    </ClCompile>
    <ClCompile Include="..\libsdl\SDL\src\joystick\SDL_gamecontroller.c">
      <Filter>src\joystick</Filter>
    </ClCompile>
    <ClCompile Include="..\libsdl\SDL\src\joystick\SDL_joystick.c">
      <Filter>src\joystick</Filter>
    </ClCompile>
    <ClCompile Include="..\libsdl\SDL\src\joystick\android\SDL_sysjoystick.c">
      <Filter>src\joystick</Filter>
    </ClCompile>
    <ClCompile Include="..\libsdl\SDL\src\joystick\hidapi\SDL_hidapi_gamecube.c">
      <Filter>src\joystick\hidapi</Filter>
    </ClCompile>
    <ClCompile Include="..\libsdl\SDL\src\joystick\hidapi\SDL_hidapi_ps4.c">
      <Filter>src\joystick\hidapi</Filter>
    </ClCompile>
    <ClCompile Include="..\libsdl\SDL\src\joystick\hidapi\SDL_hidapi_ps5.c">
      <Filter>src\joystick\hidapi</Filter>
    </ClCompile>
    <ClCompile Include="..\libsdl\SDL\src\joystick\hidapi\SDL_hidapi_rumble.c">
      <Filter>src\joystick\hidapi</Filter>
    </ClCompile>
    <ClCompile Include="..\libsdl\SDL\src\joystick\hidapi\SDL_hidapi_steam.c">
      <Filter>src\joystick\hidapi</Filter>
    </ClCompile>
    <ClCompile Include="..\libsdl\SDL\src\joystick\hidapi\SDL_hidapi_switch.c">
      <Filter>src\joystick\hidapi</Filter>
    </ClCompile>
    <ClCompile Include="..\libsdl\SDL\src\joystick\hidapi\SDL_hidapi_xbox360.c">
      <Filter>src\joystick\hidapi</Filter>
    </ClCompile>
    <ClCompile Include="..\libsdl\SDL\src\joystick\hidapi\SDL_hidapi_xbox360w.c">
      <Filter>src\joystick\hidapi</Filter>
    </ClCompile>
    <ClCompile Include="..\libsdl\SDL\src\joystick\hidapi\SDL_hidapi_xboxone.c">
      <Filter>src\joystick\hidapi</Filter>
    </ClCompile>
    <ClCompile Include="..\libsdl\SDL\src\joystick\hidapi\SDL_hidapijoystick.c">
      <Filter>src\joystick\hidapi</Filter>
    </ClCompile>
    <ClCompile Include="..\libsdl\SDL\src\joystick\virtual\SDL_virtualjoystick.c">
      <Filter>src\joystick\virtual</Filter>
    </ClCompile>
    <ClCompile Include="..\libsdl\SDL\src\locale\SDL_locale.c">
      <Filter>src\locale</Filter>
    </ClCompile>
    <ClCompile Include="..\libsdl\SDL\src\locale\android\SDL_syslocale.c">
      <Filter>src\locale</Filter>
    </ClCompile>
    <ClCompile Include="..\libsdl\SDL\src\misc\SDL_url.c">
      <Filter>src\misc</Filter>
    </ClCompile>
    <ClCompile Include="..\libsdl\SDL\src\misc\android\SDL_sysurl.c">
      <Filter>src\misc</Filter>
    </ClCompile>
    <ClCompile Include="..\libsdl\SDL\src\power\SDL_power.c">
      <Filter>src\power</Filter>
    </ClCompile>
    <ClCompile Include="..\libsdl\SDL\src\power\android\SDL_syspower.c">
      <Filter>src\power</Filter>
    </ClCompile>
    <ClCompile Include="..\libsdl\SDL\src\sensor\SDL_sensor.c">
      <Filter>src\sensor</Filter>
    </ClCompile>
    <ClCompile Include="..\libsdl\SDL\src\sensor\android\SDL_androidsensor.c">
      <Filter>src\sensor</Filter>
    </ClCompile>
    <ClCompile Include="..\libsdl\SDL\src\stdlib\SDL_crc32.c">
      <Filter>src\stdlib</Filter>
    </ClCompile>
    <ClCompile Include="..\libsdl\SDL\src\stdlib\SDL_getenv.c">
      <Filter>src\stdlib</Filter>
    </ClCompile>
    <ClCompile Include="..\libsdl\SDL\src\stdlib\SDL_iconv.c">
      <Filter>src\stdlib</Filter>
    </ClCompile>
    <ClCompile Include="..\libsdl\SDL\src\stdlib\SDL_malloc.c">
      <Filter>src\stdlib</Filter>
    </ClCompile>
    <ClCompile Include="..\libsdl\SDL\src\stdlib\SDL_qsort.c">
      <Filter>src\stdlib</Filter>
    </ClCompile>
    <ClCompile Include="..\libsdl\SDL\src\stdlib\SDL_stdlib.c">
      <Filter>src\stdlib</Filter>
    </ClCompile>
    <ClCompile Include="..\libsdl\SDL\src\stdlib\SDL_string.c">
      <Filter>src\stdlib</Filter>
    </ClCompile>
    <ClCompile Include="..\libsdl\SDL\src\stdlib\SDL_strtokr.c">
      <Filter>src\stdlib</Filter>
    </ClCompile>
    <ClCompile Include="..\libsdl\SDL\src\thread\SDL_thread.c">
      <Filter>src\thread</Filter>
    </ClCompile>
    <ClCompile Include="..\libsdl\SDL\src\timer\SDL_timer.c">
      <Filter>src\timer</Filter>
    </ClCompile>
    <ClCompile Include="..\libsdl\SDL\src\video\SDL_blit.c">
      <Filter>src\video</Filter>
    </ClCompile>
    <ClCompile Include="..\libsdl\SDL\src\video\SDL_blit_0.c">
      <Filter>src\video</Filter>
    </ClCompile>
    <ClCompile Include="..\libsdl\SDL\src\video\SDL_blit_1.c">
      <Filter>src\video</Filter>
    </ClCompile>
    <ClCompile Include="..\libsdl\SDL\src\video\SDL_blit_A.c">
      <Filter>src\video</Filter>
    </ClCompile>
    <ClCompile Include="..\libsdl\SDL\src\video\SDL_blit_auto.c">
      <Filter>src\video</Filter>
    </ClCompile>
    <ClCompile Include="..\libsdl\SDL\src\video\SDL_blit_copy.c">
      <Filter>src\video</Filter>
    </ClCompile>
    <ClCompile Include="..\libsdl\SDL\src\video\SDL_blit_N.c">
      <Filter>src\video</Filter>
    </ClCompile>
    <ClCompile Include="..\libsdl\SDL\src\video\SDL_blit_slow.c">
      <Filter>src\video</Filter>
    </ClCompile>
    <ClCompile Include="..\libsdl\SDL\src\video\SDL_bmp.c">
      <Filter>src\video</Filter>
    </ClCompile>
    <ClCompile Include="..\libsdl\SDL\src\video\SDL_clipboard.c">
      <Filter>src\video</Filter>
    </ClCompile>
    <ClCompile Include="..\libsdl\SDL\src\video\SDL_egl.c">
      <Filter>src\video</Filter>
    </ClCompile>
    <ClCompile Include="..\libsdl\SDL\src\video\SDL_fillrect.c">
      <Filter>src\video</Filter>
    </ClCompile>
    <ClCompile Include="..\libsdl\SDL\src\video\SDL_pixels.c">
      <Filter>src\video</Filter>
    </ClCompile>
    <ClCompile Include="..\libsdl\SDL\src\video\SDL_rect.c">
      <Filter>src\video</Filter>
    </ClCompile>
    <ClCompile Include="..\libsdl\SDL\src\video\SDL_RLEaccel.c">
      <Filter>src\video</Filter>
    </ClCompile>
    <ClCompile Include="..\libsdl\SDL\src\video\SDL_shape.c">
      <Filter>src\video</Filter>
    </ClCompile>
    <ClCompile Include="..\libsdl\SDL\src\video\SDL_stretch.c">
      <Filter>src\video</Filter>
    </ClCompile>
    <ClCompile Include="..\libsdl\SDL\src\video\SDL_surface.c">
      <Filter>src\video</Filter>
    </ClCompile>
    <ClCompile Include="..\libsdl\SDL\src\video\SDL_video.c">
      <Filter>src\video</Filter>
    </ClCompile>
    <ClCompile Include="..\libsdl\SDL\src\video\SDL_vulkan_utils.c">
      <Filter>src\video</Filter>
    </ClCompile>
    <ClCompile Include="..\libsdl\SDL\src\video\SDL_yuv.c">
      <Filter>src\video</Filter>
    </ClCompile>
    <ClCompile Include="..\libsdl\SDL\src\video\android\SDL_androidclipboard.c">
      <Filter>src\video</Filter>
    </ClCompile>
    <ClCompile Include="..\libsdl\SDL\src\video\android\SDL_androidevents.c">
      <Filter>src\video</Filter>
    </ClCompile>
    <ClCompile Include="..\libsdl\SDL\src\video\android\SDL_androidgl.c">
      <Filter>src\video</Filter>
    </ClCompile>
    <ClCompile Include="..\libsdl\SDL\src\video\android\SDL_androidkeyboard.c">
      <Filter>src\video</Filter>
    </ClCompile>
    <ClCompile Include="..\libsdl\SDL\src\video\android\SDL_androidmessagebox.c">
      <Filter>src\video</Filter>
    </ClCompile>
    <ClCompile Include="..\libsdl\SDL\src\video\android\SDL_androidmouse.c">
      <Filter>src\video</Filter>
    </ClCompile>
    <ClCompile Include="..\libsdl\SDL\src\video\android\SDL_androidtouch.c">
      <Filter>src\video</Filter>
    </ClCompile>
    <ClCompile Include="..\libsdl\SDL\src\video\android\SDL_androidvideo.c">
      <Filter>src\video</Filter>
    </ClCompile>
    <ClCompile Include="..\libsdl\SDL\src\video\android\SDL_androidvulkan.c">
      <Filter>src\video</Filter>
    </ClCompile>
    <ClCompile Include="..\libsdl\SDL\src\video\android\SDL_androidwindow.c">
      <Filter>src\video</Filter>
    </ClCompile>
    <ClCompile Include="..\libsdl\SDL\src\audio\android\SDL_androidaudio.c">
      <Filter>src\audio</Filter>
    </ClCompile>
    <ClCompile Include="..\libsdl\SDL\src\audio\dummy\SDL_dummyaudio.c">
      <Filter>src\audio</Filter>
    </ClCompile>
    <ClCompile Include="..\libsdl\SDL\src\audio\openslES\SDL_openslES.c">
      <Filter>src\audio</Filter>
    </ClCompile>
    <ClCompile Include="..\libsdl\SDL\src\thread\pthread\SDL_systls.c">
      <Filter>src\thread\pthread</Filter>
    </ClCompile>
    <ClCompile Include="..\libsdl\SDL\src\thread\pthread\SDL_syscond.c">
      <Filter>src\thread\pthread</Filter>
    </ClCompile>
    <ClCompile Include="..\libsdl\SDL\src\thread\pthread\SDL_sysmutex.c">
      <Filter>src\thread\pthread</Filter>
    </ClCompile>
    <ClCompile Include="..\libsdl\SDL\src\thread\pthread\SDL_syssem.c">
      <Filter>src\thread\pthread</Filter>
    </ClCompile>
    <ClCompile Include="..\libsdl\SDL\src\thread\pthread\SDL_systhread.c">
      <Filter>src\thread\pthread</Filter>
    </ClCompile>
    <ClCompile Include="..\libsdl\SDL\src\timer\unix\SDL_systimer.c">
      <Filter>src\timer</Filter>
    </ClCompile>
    <ClCompile Include="..\libsdl\SDL\src\video\yuv2rgb\yuv_rgb.c">
      <Filter>src\video</Filter>
    </ClCompile>
    <ClCompile Include="..\libsdl\SDL\src\test\SDL_test_assert.c">
      <Filter>src\test</Filter>
    </ClCompile>
    <ClCompile Include="..\libsdl\SDL\src\test\SDL_test_common.c">
      <Filter>src\test</Filter>
    </ClCompile>
    <ClCompile Include="..\libsdl\SDL\src\test\SDL_test_compare.c">
      <Filter>src\test</Filter>
    </ClCompile>
    <ClCompile Include="..\libsdl\SDL\src\test\SDL_test_crc32.c">
      <Filter>src\test</Filter>
    </ClCompile>
    <ClCompile Include="..\libsdl\SDL\src\test\SDL_test_font.c">
      <Filter>src\test</Filter>
    </ClCompile>
    <ClCompile Include="..\libsdl\SDL\src\test\SDL_test_fuzzer.c">
      <Filter>src\test</Filter>
    </ClCompile>
    <ClCompile Include="..\libsdl\SDL\src\test\SDL_test_harness.c">
      <Filter>src\test</Filter>
    </ClCompile>
    <ClCompile Include="..\libsdl\SDL\src\test\SDL_test_imageBlit.c">
      <Filter>src\test</Filter>
    </ClCompile>
    <ClCompile Include="..\libsdl\SDL\src\test\SDL_test_imageBlitBlend.c">
      <Filter>src\test</Filter>
    </ClCompile>
    <ClCompile Include="..\libsdl\SDL\src\test\SDL_test_imageFace.c">
      <Filter>src\test</Filter>
    </ClCompile>
    <ClCompile Include="..\libsdl\SDL\src\test\SDL_test_imagePrimitives.c">
      <Filter>src\test</Filter>
    </ClCompile>
    <ClCompile Include="..\libsdl\SDL\src\test\SDL_test_imagePrimitivesBlend.c">
      <Filter>src\test</Filter>
    </ClCompile>
    <ClCompile Include="..\libsdl\SDL\src\test\SDL_test_log.c">
      <Filter>src\test</Filter>
    </ClCompile>
    <ClCompile Include="..\libsdl\SDL\src\test\SDL_test_md5.c">
      <Filter>src\test</Filter>
    </ClCompile>
    <ClCompile Include="..\libsdl\SDL\src\test\SDL_test_memory.c">
      <Filter>src\test</Filter>
    </ClCompile>
    <ClCompile Include="..\libsdl\SDL\src\test\SDL_test_random.c">
      <Filter>src\test</Filter>
    </ClCompile>
    <ClCompile Include="..\libsdl\SDL\src\render\software\SDL_blendfillrect.c">
      <Filter>src\render</Filter>
    </ClCompile>
    <ClCompile Include="..\libsdl\SDL\src\render\software\SDL_blendline.c">
      <Filter>src\render</Filter>
    </ClCompile>
    <ClCompile Include="..\libsdl\SDL\src\render\software\SDL_blendpoint.c">
      <Filter>src\render</Filter>
    </ClCompile>
    <ClCompile Include="..\libsdl\SDL\src\render\SDL_d3dmath.c">
      <Filter>src\render</Filter>
    </ClCompile>
    <ClCompile Include="..\libsdl\SDL\src\render\software\SDL_drawline.c">
      <Filter>src\render</Filter>
    </ClCompile>
    <ClCompile Include="..\libsdl\SDL\src\render\software\SDL_drawpoint.c">
      <Filter>src\render</Filter>
    </ClCompile>
    <ClCompile Include="..\libsdl\SDL\src\render\SDL_render.c">
      <Filter>src\render</Filter>
    </ClCompile>
    <ClCompile Include="..\libsdl\SDL\src\render\direct3d\SDL_render_d3d.c">
      <Filter>src\render</Filter>
    </ClCompile>
    <ClCompile Include="..\libsdl\SDL\src\render\direct3d11\SDL_render_d3d11.c">
      <Filter>src\render</Filter>
    </ClCompile>
    <ClCompile Include="..\libsdl\SDL\src\render\opengl\SDL_render_gl.c">
      <Filter>src\render</Filter>
    </ClCompile>
    <ClCompile Include="..\libsdl\SDL\src\render\opengles\SDL_render_gles.c">
      <Filter>src\render</Filter>
    </ClCompile>
    <ClCompile Include="..\libsdl\SDL\src\render\opengles2\SDL_render_gles2.c">
      <Filter>src\render</Filter>
    </ClCompile>
    <ClCompile Include="..\libsdl\SDL\src\render\psp\SDL_render_psp.c">
      <Filter>src\render</Filter>
    </ClCompile>
    <ClCompile Include="..\libsdl\SDL\src\render\software\SDL_render_sw.c">
      <Filter>src\render</Filter>
    </ClCompile>
    <ClCompile Include="..\libsdl\SDL\src\render\software\SDL_rotate.c">
      <Filter>src\render</Filter>
    </ClCompile>
    <ClCompile Include="..\libsdl\SDL\src\render\direct3d\SDL_shaders_d3d.c">
      <Filter>src\render</Filter>
    </ClCompile>
    <ClCompile Include="..\libsdl\SDL\src\render\direct3d11\SDL_shaders_d3d11.c">
      <Filter>src\render</Filter>
    </ClCompile>
    <ClCompile Include="..\libsdl\SDL\src\render\opengl\SDL_shaders_gl.c">
      <Filter>src\render</Filter>
    </ClCompile>
    <ClCompile Include="..\libsdl\SDL\src\render\opengles2\SDL_shaders_gles2.c">
      <Filter>src\render</Filter>
    </ClCompile>
    <ClCompile Include="..\libsdl\SDL\src\render\SDL_yuv_sw.c">
      <Filter>src\render</Filter>
    </ClCompile>
  </ItemGroup>
  <ItemGroup>
    <ClInclude Include="..\libsdl\SDL\include\SDL_mutex.h">
      <Filter>include</Filter>
    </ClInclude>
    <ClInclude Include="..\libsdl\SDL\include\SDL_name.h">
      <Filter>include</Filter>
    </ClInclude>
    <ClInclude Include="..\libsdl\SDL\include\SDL_opengl.h">
      <Filter>include</Filter>
    </ClInclude>
    <ClInclude Include="..\libsdl\SDL\include\SDL_opengl_glext.h">
      <Filter>include</Filter>
    </ClInclude>
    <ClInclude Include="..\libsdl\SDL\include\SDL_opengles.h">
      <Filter>include</Filter>
    </ClInclude>
    <ClInclude Include="..\libsdl\SDL\include\SDL_opengles2.h">
      <Filter>include</Filter>
    </ClInclude>
    <ClInclude Include="..\libsdl\SDL\include\SDL_opengles2_gl2.h">
      <Filter>include</Filter>
    </ClInclude>
    <ClInclude Include="..\libsdl\SDL\include\SDL_opengles2_gl2ext.h">
      <Filter>include</Filter>
    </ClInclude>
    <ClInclude Include="..\libsdl\SDL\include\SDL_opengles2_gl2platform.h">
      <Filter>include</Filter>
    </ClInclude>
    <ClInclude Include="..\libsdl\SDL\include\SDL_opengles2_khrplatform.h">
      <Filter>include</Filter>
    </ClInclude>
    <ClInclude Include="..\libsdl\SDL\include\SDL_pixels.h">
      <Filter>include</Filter>
    </ClInclude>
    <ClInclude Include="..\libsdl\SDL\include\SDL_platform.h">
      <Filter>include</Filter>
    </ClInclude>
    <ClInclude Include="..\libsdl\SDL\include\SDL_power.h">
      <Filter>include</Filter>
    </ClInclude>
    <ClInclude Include="..\libsdl\SDL\include\SDL_quit.h">
      <Filter>include</Filter>
    </ClInclude>
    <ClInclude Include="..\libsdl\SDL\include\SDL_rect.h">
      <Filter>include</Filter>
    </ClInclude>
    <ClInclude Include="..\libsdl\SDL\include\SDL_render.h">
      <Filter>include</Filter>
    </ClInclude>
    <ClInclude Include="..\libsdl\SDL\include\SDL_revision.h">
      <Filter>include</Filter>
    </ClInclude>
    <ClInclude Include="..\libsdl\SDL\include\SDL_rwops.h">
      <Filter>include</Filter>
    </ClInclude>
    <ClInclude Include="..\libsdl\SDL\include\SDL_scancode.h">
      <Filter>include</Filter>
    </ClInclude>
    <ClInclude Include="..\libsdl\SDL\include\SDL_sensor.h">
      <Filter>include</Filter>
    </ClInclude>
    <ClInclude Include="..\libsdl\SDL\include\SDL_shape.h">
      <Filter>include</Filter>
    </ClInclude>
    <ClInclude Include="..\libsdl\SDL\include\SDL_stdinc.h">
      <Filter>include</Filter>
    </ClInclude>
    <ClInclude Include="..\libsdl\SDL\include\SDL_surface.h">
      <Filter>include</Filter>
    </ClInclude>
    <ClInclude Include="..\libsdl\SDL\include\SDL_system.h">
      <Filter>include</Filter>
    </ClInclude>
    <ClInclude Include="..\libsdl\SDL\include\SDL_syswm.h">
      <Filter>include</Filter>
    </ClInclude>
    <ClInclude Include="..\libsdl\SDL\include\SDL_test.h">
      <Filter>include</Filter>
    </ClInclude>
    <ClInclude Include="..\libsdl\SDL\include\SDL_test_assert.h">
      <Filter>include</Filter>
    </ClInclude>
    <ClInclude Include="..\libsdl\SDL\include\SDL_test_common.h">
      <Filter>include</Filter>
    </ClInclude>
    <ClInclude Include="..\libsdl\SDL\include\SDL_test_compare.h">
      <Filter>include</Filter>
    </ClInclude>
    <ClInclude Include="..\libsdl\SDL\include\SDL_test_crc32.h">
      <Filter>include</Filter>
    </ClInclude>
    <ClInclude Include="..\libsdl\SDL\include\SDL_test_font.h">
      <Filter>include</Filter>
    </ClInclude>
    <ClInclude Include="..\libsdl\SDL\include\SDL_test_fuzzer.h">
      <Filter>include</Filter>
    </ClInclude>
    <ClInclude Include="..\libsdl\SDL\include\SDL_test_harness.h">
      <Filter>include</Filter>
    </ClInclude>
    <ClInclude Include="..\libsdl\SDL\include\SDL_test_images.h">
      <Filter>include</Filter>
    </ClInclude>
    <ClInclude Include="..\libsdl\SDL\include\SDL_test_log.h">
      <Filter>include</Filter>
    </ClInclude>
    <ClInclude Include="..\libsdl\SDL\include\SDL_test_md5.h">
      <Filter>include</Filter>
    </ClInclude>
    <ClInclude Include="..\libsdl\SDL\include\SDL_test_memory.h">
      <Filter>include</Filter>
    </ClInclude>
    <ClInclude Include="..\libsdl\SDL\include\SDL_test_random.h">
      <Filter>include</Filter>
    </ClInclude>
    <ClInclude Include="..\libsdl\SDL\include\SDL_thread.h">
      <Filter>include</Filter>
    </ClInclude>
    <ClInclude Include="..\libsdl\SDL\include\SDL_timer.h">
      <Filter>include</Filter>
    </ClInclude>
    <ClInclude Include="..\libsdl\SDL\include\SDL_touch.h">
      <Filter>include</Filter>
    </ClInclude>
    <ClInclude Include="..\libsdl\SDL\include\SDL_types.h">
      <Filter>include</Filter>
    </ClInclude>
    <ClInclude Include="..\libsdl\SDL\include\SDL_version.h">
      <Filter>include</Filter>
    </ClInclude>
    <ClInclude Include="..\libsdl\SDL\include\SDL_video.h">
      <Filter>include</Filter>
    </ClInclude>
    <ClInclude Include="..\libsdl\SDL\include\SDL_vulkan.h">
      <Filter>include</Filter>
    </ClInclude>
    <ClInclude Include="..\libsdl\SDL\include\begin_code.h">
      <Filter>include</Filter>
    </ClInclude>
    <ClInclude Include="..\libsdl\SDL\include\close_code.h">
      <Filter>include</Filter>
    </ClInclude>
    <ClInclude Include="..\libsdl\SDL\include\SDL.h">
      <Filter>include</Filter>
    </ClInclude>
    <ClInclude Include="..\libsdl\SDL\include\SDL_assert.h">
      <Filter>include</Filter>
    </ClInclude>
    <ClInclude Include="..\libsdl\SDL\include\SDL_atomic.h">
      <Filter>include</Filter>
    </ClInclude>
    <ClInclude Include="..\libsdl\SDL\include\SDL_audio.h">
      <Filter>include</Filter>
    </ClInclude>
    <ClInclude Include="..\libsdl\SDL\include\SDL_bits.h">
      <Filter>include</Filter>
    </ClInclude>
    <ClInclude Include="..\libsdl\SDL\include\SDL_blendmode.h">
      <Filter>include</Filter>
    </ClInclude>
    <ClInclude Include="..\libsdl\SDL\include\SDL_clipboard.h">
      <Filter>include</Filter>
    </ClInclude>
    <ClInclude Include="..\libsdl\SDL\include\SDL_config.h">
      <Filter>include</Filter>
    </ClInclude>
    <ClInclude Include="..\libsdl\SDL\include\SDL_config_android.h">
      <Filter>include</Filter>
    </ClInclude>
    <ClInclude Include="..\libsdl\SDL\include\SDL_config_iphoneos.h">
      <Filter>include</Filter>
    </ClInclude>
    <ClInclude Include="..\libsdl\SDL\include\SDL_config_macosx.h">
      <Filter>include</Filter>
    </ClInclude>
    <ClInclude Include="..\libsdl\SDL\include\SDL_config_minimal.h">
      <Filter>include</Filter>
    </ClInclude>
    <ClInclude Include="..\libsdl\SDL\include\SDL_config_os2.h">
      <Filter>include</Filter>
    </ClInclude>
    <ClInclude Include="..\libsdl\SDL\include\SDL_config_pandora.h">
      <Filter>include</Filter>
    </ClInclude>
    <ClInclude Include="..\libsdl\SDL\include\SDL_config_psp.h">
      <Filter>include</Filter>
    </ClInclude>
    <ClInclude Include="..\libsdl\SDL\include\SDL_config_windows.h">
      <Filter>include</Filter>
    </ClInclude>
    <ClInclude Include="..\libsdl\SDL\include\SDL_config_winrt.h">
      <Filter>include</Filter>
    </ClInclude>
    <ClInclude Include="..\libsdl\SDL\include\SDL_config_wiz.h">
      <Filter>include</Filter>
    </ClInclude>
    <ClInclude Include="..\libsdl\SDL\include\SDL_copying.h">
      <Filter>include</Filter>
    </ClInclude>
    <ClInclude Include="..\libsdl\SDL\include\SDL_cpuinfo.h">
      <Filter>include</Filter>
    </ClInclude>
    <ClInclude Include="..\libsdl\SDL\include\SDL_egl.h">
      <Filter>include</Filter>
    </ClInclude>
    <ClInclude Include="..\libsdl\SDL\include\SDL_endian.h">
      <Filter>include</Filter>
    </ClInclude>
    <ClInclude Include="..\libsdl\SDL\include\SDL_error.h">
      <Filter>include</Filter>
    </ClInclude>
    <ClInclude Include="..\libsdl\SDL\include\SDL_events.h">
      <Filter>include</Filter>
    </ClInclude>
    <ClInclude Include="..\libsdl\SDL\include\SDL_filesystem.h">
      <Filter>include</Filter>
    </ClInclude>
    <ClInclude Include="..\libsdl\SDL\include\SDL_gamecontroller.h">
      <Filter>include</Filter>
    </ClInclude>
    <ClInclude Include="..\libsdl\SDL\include\SDL_gesture.h">
      <Filter>include</Filter>
    </ClInclude>
    <ClInclude Include="..\libsdl\SDL\include\SDL_haptic.h">
      <Filter>include</Filter>
    </ClInclude>
    <ClInclude Include="..\libsdl\SDL\include\SDL_hints.h">
      <Filter>include</Filter>
    </ClInclude>
    <ClInclude Include="..\libsdl\SDL\include\SDL_joystick.h">
      <Filter>include</Filter>
    </ClInclude>
    <ClInclude Include="..\libsdl\SDL\include\SDL_keyboard.h">
      <Filter>include</Filter>
    </ClInclude>
    <ClInclude Include="..\libsdl\SDL\include\SDL_keycode.h">
      <Filter>include</Filter>
    </ClInclude>
    <ClInclude Include="..\libsdl\SDL\include\SDL_loadso.h">
      <Filter>include</Filter>
    </ClInclude>
    <ClInclude Include="..\libsdl\SDL\include\SDL_locale.h">
      <Filter>include</Filter>
    </ClInclude>
    <ClInclude Include="..\libsdl\SDL\include\SDL_log.h">
      <Filter>include</Filter>
    </ClInclude>
    <ClInclude Include="..\libsdl\SDL\include\SDL_main.h">
      <Filter>include</Filter>
    </ClInclude>
    <ClInclude Include="..\libsdl\SDL\include\SDL_messagebox.h">
      <Filter>include</Filter>
    </ClInclude>
    <ClInclude Include="..\libsdl\SDL\include\SDL_metal.h">
      <Filter>include</Filter>
    </ClInclude>
    <ClInclude Include="..\libsdl\SDL\include\SDL_misc.h">
      <Filter>include</Filter>
    </ClInclude>
    <ClInclude Include="..\libsdl\SDL\include\SDL_mouse.h">
      <Filter>include</Filter>
    </ClInclude>
  </ItemGroup>
</Project>